
Microsoft Visual Studio Solution File, Format Version 12.00
# Visual Studio 15
VisualStudioVersion = 15.0.28010.2041
MinimumVisualStudioVersion = 10.0.40219.1
Project("{FAE04EC0-301F-11D3-BF4B-00C04F79EFBC}") = "jisuanqi2", "jisuanqi2\jisuanqi2.csproj", "{AD52A8DB-4174-4B1F-A002-1BD6139BDFCB}"
EndProject
Global
	GlobalSection(SolutionConfigurationPlatforms) = preSolution
		Debug|Any CPU = Debug|Any CPU
		Release|Any CPU = Release|Any CPU
	EndGlobalSection
	GlobalSection(ProjectConfigurationPlatforms) = postSolution
		{AD52A8DB-4174-4B1F-A002-1BD6139BDFCB}.Debug|Any CPU.ActiveCfg = Debug|Any CPU
		{AD52A8DB-4174-4B1F-A002-1BD6139BDFCB}.Debug|Any CPU.Build.0 = Debug|Any CPU
		{AD52A8DB-4174-4B1F-A002-1BD6139BDFCB}.Release|Any CPU.ActiveCfg = Release|Any CPU
		{AD52A8DB-4174-4B1F-A002-1BD6139BDFCB}.Release|Any CPU.Build.0 = Release|Any CPU
	EndGlobalSection
	GlobalSection(SolutionProperties) = preSolution
		HideSolutionNode = FALSE
	EndGlobalSection
	GlobalSection(ExtensibilityGlobals) = postSolution
		SolutionGuid = {AE82CCFC-36D0-452A-8FBC-F0A179EDB8B1}
	EndGlobalSection
EndGlobal
