
Microsoft Visual Studio Solution File, Format Version 12.00
# Visual Studio 15
VisualStudioVersion = 15.0.28010.2026
MinimumVisualStudioVersion = 10.0.40219.1
Project("{FAE04EC0-301F-11D3-BF4B-00C04F79EFBC}") = "CayleyTree", "CayleyTree\CayleyTree.csproj", "{ABC460F7-FEDB-4DEF-853D-59EB0873CAC3}"
EndProject
Global
	GlobalSection(SolutionConfigurationPlatforms) = preSolution
		Debug|Any CPU = Debug|Any CPU
		Release|Any CPU = Release|Any CPU
	EndGlobalSection
	GlobalSection(ProjectConfigurationPlatforms) = postSolution
		{ABC460F7-FEDB-4DEF-853D-59EB0873CAC3}.Debug|Any CPU.ActiveCfg = Debug|Any CPU
		{ABC460F7-FEDB-4DEF-853D-59EB0873CAC3}.Debug|Any CPU.Build.0 = Debug|Any CPU
		{ABC460F7-FEDB-4DEF-853D-59EB0873CAC3}.Release|Any CPU.ActiveCfg = Release|Any CPU
		{ABC460F7-FEDB-4DEF-853D-59EB0873CAC3}.Release|Any CPU.Build.0 = Release|Any CPU
	EndGlobalSection
	GlobalSection(SolutionProperties) = preSolution
		HideSolutionNode = FALSE
	EndGlobalSection
	GlobalSection(ExtensibilityGlobals) = postSolution
		SolutionGuid = {898DAE7F-9660-4A63-A53A-A613A0F4CBCF}
	EndGlobalSection
EndGlobal
