
Microsoft Visual Studio Solution File, Format Version 12.00
# Visual Studio 15
VisualStudioVersion = 15.0.28010.2026
MinimumVisualStudioVersion = 10.0.40219.1
Project("{FAE04EC0-301F-11D3-BF4B-00C04F79EFBC}") = "NewOrderApp", "NewOrderApp\NewOrderApp.csproj", "{7DC31FF9-EF2F-4C6B-AFD5-86FC0BF55373}"
EndProject
Project("{FAE04EC0-301F-11D3-BF4B-00C04F79EFBC}") = "Tests", "Tests\Tests.csproj", "{55D487E2-5BAC-4E1A-8FA5-11539A563ECB}"
EndProject
Global
	GlobalSection(SolutionConfigurationPlatforms) = preSolution
		Debug|Any CPU = Debug|Any CPU
		Release|Any CPU = Release|Any CPU
	EndGlobalSection
	GlobalSection(ProjectConfigurationPlatforms) = postSolution
		{7DC31FF9-EF2F-4C6B-AFD5-86FC0BF55373}.Debug|Any CPU.ActiveCfg = Debug|Any CPU
		{7DC31FF9-EF2F-4C6B-AFD5-86FC0BF55373}.Debug|Any CPU.Build.0 = Debug|Any CPU
		{7DC31FF9-EF2F-4C6B-AFD5-86FC0BF55373}.Release|Any CPU.ActiveCfg = Release|Any CPU
		{7DC31FF9-EF2F-4C6B-AFD5-86FC0BF55373}.Release|Any CPU.Build.0 = Release|Any CPU
		{55D487E2-5BAC-4E1A-8FA5-11539A563ECB}.Debug|Any CPU.ActiveCfg = Debug|Any CPU
		{55D487E2-5BAC-4E1A-8FA5-11539A563ECB}.Debug|Any CPU.Build.0 = Debug|Any CPU
		{55D487E2-5BAC-4E1A-8FA5-11539A563ECB}.Release|Any CPU.ActiveCfg = Release|Any CPU
		{55D487E2-5BAC-4E1A-8FA5-11539A563ECB}.Release|Any CPU.Build.0 = Release|Any CPU
	EndGlobalSection
	GlobalSection(SolutionProperties) = preSolution
		HideSolutionNode = FALSE
	EndGlobalSection
	GlobalSection(ExtensibilityGlobals) = postSolution
		SolutionGuid = {EAFE26EA-B119-4DC0-A03F-7BDFCC2BEC58}
	EndGlobalSection
EndGlobal
