
Microsoft Visual Studio Solution File, Format Version 12.00
# Visual Studio 15
VisualStudioVersion = 15.0.28010.2041
MinimumVisualStudioVersion = 10.0.40219.1
Project("{FAE04EC0-301F-11D3-BF4B-00C04F79EFBC}") = "WORK6", "WORK5\WORK6.csproj", "{E8572E02-63B2-459C-8208-C13EEC4663DB}"
EndProject
Global
	GlobalSection(SolutionConfigurationPlatforms) = preSolution
		Debug|Any CPU = Debug|Any CPU
		Release|Any CPU = Release|Any CPU
	EndGlobalSection
	GlobalSection(ProjectConfigurationPlatforms) = postSolution
		{E8572E02-63B2-459C-8208-C13EEC4663DB}.Debug|Any CPU.ActiveCfg = Debug|Any CPU
		{E8572E02-63B2-459C-8208-C13EEC4663DB}.Debug|Any CPU.Build.0 = Debug|Any CPU
		{E8572E02-63B2-459C-8208-C13EEC4663DB}.Release|Any CPU.ActiveCfg = Release|Any CPU
		{E8572E02-63B2-459C-8208-C13EEC4663DB}.Release|Any CPU.Build.0 = Release|Any CPU
	EndGlobalSection
	GlobalSection(SolutionProperties) = preSolution
		HideSolutionNode = FALSE
	EndGlobalSection
	GlobalSection(ExtensibilityGlobals) = postSolution
		SolutionGuid = {316EE969-010E-4F02-AA64-8D58691C8A8E}
	EndGlobalSection
EndGlobal
